
Microsoft Visual Studio Solution File, Format Version 12.00
# Visual Studio Version 17
VisualStudioVersion = 17.7.34031.279
MinimumVisualStudioVersion = 10.0.40219.1
Project("{FAE04EC0-301F-11D3-BF4B-00C04F79EFBC}") = "calcc#", "calcc#\calcc#.csproj", "{9080B7BD-B32C-45B6-B84E-09E0D42FD3CA}"
EndProject
Global
	GlobalSection(SolutionConfigurationPlatforms) = preSolution
		Debug|Any CPU = Debug|Any CPU
		Release|Any CPU = Release|Any CPU
	EndGlobalSection
	GlobalSection(ProjectConfigurationPlatforms) = postSolution
		{9080B7BD-B32C-45B6-B84E-09E0D42FD3CA}.Debug|Any CPU.ActiveCfg = Debug|Any CPU
		{9080B7BD-B32C-45B6-B84E-09E0D42FD3CA}.Debug|Any CPU.Build.0 = Debug|Any CPU
		{9080B7BD-B32C-45B6-B84E-09E0D42FD3CA}.Release|Any CPU.ActiveCfg = Release|Any CPU
		{9080B7BD-B32C-45B6-B84E-09E0D42FD3CA}.Release|Any CPU.Build.0 = Release|Any CPU
	EndGlobalSection
	GlobalSection(SolutionProperties) = preSolution
		HideSolutionNode = FALSE
	EndGlobalSection
	GlobalSection(ExtensibilityGlobals) = postSolution
		SolutionGuid = {EE262A32-C76E-4214-BA51-65D09F61490E}
	EndGlobalSection
EndGlobal
